
Microsoft Visual Studio Solution File, Format Version 12.00
# Visual Studio Version 16
VisualStudioVersion = 16.0.31005.135
MinimumVisualStudioVersion = 10.0.40219.1
Project("{FAE04EC0-301F-11D3-BF4B-00C04F79EFBC}") = "ConsoleAppDI", "ConsoleAppDI\ConsoleAppDI.csproj", "{03885F10-749B-442E-BA4F-06C8EDED700F}"
EndProject
Project("{FAE04EC0-301F-11D3-BF4B-00C04F79EFBC}") = "WarriorLibrary", "WarriorLibrary\WarriorLibrary.csproj", "{C4B72C21-F60E-4044-BFE7-2F47ED6E86A5}"
EndProject
Project("{FAE04EC0-301F-11D3-BF4B-00C04F79EFBC}") = "UnitTestProjectWarriorDI", "UnitTestProjectWarriorDI\UnitTestProjectWarriorDI.csproj", "{7728DA82-FE6C-45DB-B161-4C4BAA3554F9}"
EndProject
Global
	GlobalSection(SolutionConfigurationPlatforms) = preSolution
		Debug|Any CPU = Debug|Any CPU
		Release|Any CPU = Release|Any CPU
	EndGlobalSection
	GlobalSection(ProjectConfigurationPlatforms) = postSolution
		{03885F10-749B-442E-BA4F-06C8EDED700F}.Debug|Any CPU.ActiveCfg = Debug|Any CPU
		{03885F10-749B-442E-BA4F-06C8EDED700F}.Debug|Any CPU.Build.0 = Debug|Any CPU
		{03885F10-749B-442E-BA4F-06C8EDED700F}.Release|Any CPU.ActiveCfg = Release|Any CPU
		{03885F10-749B-442E-BA4F-06C8EDED700F}.Release|Any CPU.Build.0 = Release|Any CPU
		{C4B72C21-F60E-4044-BFE7-2F47ED6E86A5}.Debug|Any CPU.ActiveCfg = Debug|Any CPU
		{C4B72C21-F60E-4044-BFE7-2F47ED6E86A5}.Debug|Any CPU.Build.0 = Debug|Any CPU
		{C4B72C21-F60E-4044-BFE7-2F47ED6E86A5}.Release|Any CPU.ActiveCfg = Release|Any CPU
		{C4B72C21-F60E-4044-BFE7-2F47ED6E86A5}.Release|Any CPU.Build.0 = Release|Any CPU
		{7728DA82-FE6C-45DB-B161-4C4BAA3554F9}.Debug|Any CPU.ActiveCfg = Debug|Any CPU
		{7728DA82-FE6C-45DB-B161-4C4BAA3554F9}.Debug|Any CPU.Build.0 = Debug|Any CPU
		{7728DA82-FE6C-45DB-B161-4C4BAA3554F9}.Release|Any CPU.ActiveCfg = Release|Any CPU
		{7728DA82-FE6C-45DB-B161-4C4BAA3554F9}.Release|Any CPU.Build.0 = Release|Any CPU
	EndGlobalSection
	GlobalSection(SolutionProperties) = preSolution
		HideSolutionNode = FALSE
	EndGlobalSection
	GlobalSection(ExtensibilityGlobals) = postSolution
		SolutionGuid = {9B41E776-71A0-468F-B884-B23D23428EBC}
	EndGlobalSection
EndGlobal
