
Microsoft Visual Studio Solution File, Format Version 12.00
# Visual Studio 15
VisualStudioVersion = 15.0.27004.2008
MinimumVisualStudioVersion = 10.0.40219.1
Project("{FAE04EC0-301F-11D3-BF4B-00C04F79EFBC}") = "NinjectDemo", "NinjectDemo\NinjectDemo.csproj", "{3B25059E-B542-43EE-8954-F7BA5577FC7F}"
EndProject
Project("{FAE04EC0-301F-11D3-BF4B-00C04F79EFBC}") = "UnitTestNinject", "UnitTestNinject\UnitTestNinject.csproj", "{8CCEFB46-A243-4C9F-BD59-60899A9C3F1B}"
EndProject
Project("{FAE04EC0-301F-11D3-BF4B-00C04F79EFBC}") = "WarriorLibrary", "WarriorLibrary\WarriorLibrary.csproj", "{0746CDA0-3FBC-4C70-B457-8F83FE564878}"
EndProject
Global
	GlobalSection(SolutionConfigurationPlatforms) = preSolution
		Debug|Any CPU = Debug|Any CPU
		Release|Any CPU = Release|Any CPU
	EndGlobalSection
	GlobalSection(ProjectConfigurationPlatforms) = postSolution
		{3B25059E-B542-43EE-8954-F7BA5577FC7F}.Debug|Any CPU.ActiveCfg = Debug|Any CPU
		{3B25059E-B542-43EE-8954-F7BA5577FC7F}.Debug|Any CPU.Build.0 = Debug|Any CPU
		{3B25059E-B542-43EE-8954-F7BA5577FC7F}.Release|Any CPU.ActiveCfg = Release|Any CPU
		{3B25059E-B542-43EE-8954-F7BA5577FC7F}.Release|Any CPU.Build.0 = Release|Any CPU
		{8CCEFB46-A243-4C9F-BD59-60899A9C3F1B}.Debug|Any CPU.ActiveCfg = Debug|Any CPU
		{8CCEFB46-A243-4C9F-BD59-60899A9C3F1B}.Debug|Any CPU.Build.0 = Debug|Any CPU
		{8CCEFB46-A243-4C9F-BD59-60899A9C3F1B}.Release|Any CPU.ActiveCfg = Release|Any CPU
		{8CCEFB46-A243-4C9F-BD59-60899A9C3F1B}.Release|Any CPU.Build.0 = Release|Any CPU
		{0746CDA0-3FBC-4C70-B457-8F83FE564878}.Debug|Any CPU.ActiveCfg = Debug|Any CPU
		{0746CDA0-3FBC-4C70-B457-8F83FE564878}.Debug|Any CPU.Build.0 = Debug|Any CPU
		{0746CDA0-3FBC-4C70-B457-8F83FE564878}.Release|Any CPU.ActiveCfg = Release|Any CPU
		{0746CDA0-3FBC-4C70-B457-8F83FE564878}.Release|Any CPU.Build.0 = Release|Any CPU
	EndGlobalSection
	GlobalSection(SolutionProperties) = preSolution
		HideSolutionNode = FALSE
	EndGlobalSection
	GlobalSection(ExtensibilityGlobals) = postSolution
		SolutionGuid = {5781B237-EA0D-45D4-9EAC-F3020ED89FE4}
	EndGlobalSection
EndGlobal
