
Microsoft Visual Studio Solution File, Format Version 12.00
# Visual Studio 15
VisualStudioVersion = 15.0.27004.2008
MinimumVisualStudioVersion = 10.0.40219.1
Project("{FAE04EC0-301F-11D3-BF4B-00C04F79EFBC}") = "WebApplicationTest", "WebApplicationTest\WebApplicationTest.csproj", "{E59AC89D-9542-4404-A606-14867D0BDA67}"
EndProject
Project("{FAE04EC0-301F-11D3-BF4B-00C04F79EFBC}") = "WebApplicationTest.Tests", "WebApplicationTest.Tests\WebApplicationTest.Tests.csproj", "{B1BBF13D-1563-4C1D-861C-A9A9A570AC48}"
EndProject
Global
	GlobalSection(SolutionConfigurationPlatforms) = preSolution
		Debug|Any CPU = Debug|Any CPU
		Release|Any CPU = Release|Any CPU
	EndGlobalSection
	GlobalSection(ProjectConfigurationPlatforms) = postSolution
		{E59AC89D-9542-4404-A606-14867D0BDA67}.Debug|Any CPU.ActiveCfg = Debug|Any CPU
		{E59AC89D-9542-4404-A606-14867D0BDA67}.Debug|Any CPU.Build.0 = Debug|Any CPU
		{E59AC89D-9542-4404-A606-14867D0BDA67}.Release|Any CPU.ActiveCfg = Release|Any CPU
		{E59AC89D-9542-4404-A606-14867D0BDA67}.Release|Any CPU.Build.0 = Release|Any CPU
		{B1BBF13D-1563-4C1D-861C-A9A9A570AC48}.Debug|Any CPU.ActiveCfg = Debug|Any CPU
		{B1BBF13D-1563-4C1D-861C-A9A9A570AC48}.Debug|Any CPU.Build.0 = Debug|Any CPU
		{B1BBF13D-1563-4C1D-861C-A9A9A570AC48}.Release|Any CPU.ActiveCfg = Release|Any CPU
		{B1BBF13D-1563-4C1D-861C-A9A9A570AC48}.Release|Any CPU.Build.0 = Release|Any CPU
	EndGlobalSection
	GlobalSection(SolutionProperties) = preSolution
		HideSolutionNode = FALSE
	EndGlobalSection
	GlobalSection(ExtensibilityGlobals) = postSolution
		SolutionGuid = {045D82D8-512D-476C-94C1-5D5099DF4777}
	EndGlobalSection
EndGlobal
