
Microsoft Visual Studio Solution File, Format Version 12.00
# Visual Studio 15
VisualStudioVersion = 15.0.26730.3
MinimumVisualStudioVersion = 10.0.40219.1
Project("{FAE04EC0-301F-11D3-BF4B-00C04F79EFBC}") = "ConsoleAppDogSave", "ConsoleAppDogSave.csproj", "{97DF21EA-E3E4-4389-89FF-BA794BA2B622}"
EndProject
Project("{FAE04EC0-301F-11D3-BF4B-00C04F79EFBC}") = "UnitTestProjectDogSave", "..\UnitTestProjectDogSave\UnitTestProjectDogSave.csproj", "{1F2DA312-3ACB-41D0-A78A-B8D26654EA51}"
EndProject
Global
	GlobalSection(SolutionConfigurationPlatforms) = preSolution
		Debug|Any CPU = Debug|Any CPU
		Release|Any CPU = Release|Any CPU
	EndGlobalSection
	GlobalSection(ProjectConfigurationPlatforms) = postSolution
		{97DF21EA-E3E4-4389-89FF-BA794BA2B622}.Debug|Any CPU.ActiveCfg = Debug|Any CPU
		{97DF21EA-E3E4-4389-89FF-BA794BA2B622}.Debug|Any CPU.Build.0 = Debug|Any CPU
		{97DF21EA-E3E4-4389-89FF-BA794BA2B622}.Release|Any CPU.ActiveCfg = Release|Any CPU
		{97DF21EA-E3E4-4389-89FF-BA794BA2B622}.Release|Any CPU.Build.0 = Release|Any CPU
		{1F2DA312-3ACB-41D0-A78A-B8D26654EA51}.Debug|Any CPU.ActiveCfg = Debug|Any CPU
		{1F2DA312-3ACB-41D0-A78A-B8D26654EA51}.Debug|Any CPU.Build.0 = Debug|Any CPU
		{1F2DA312-3ACB-41D0-A78A-B8D26654EA51}.Release|Any CPU.ActiveCfg = Release|Any CPU
		{1F2DA312-3ACB-41D0-A78A-B8D26654EA51}.Release|Any CPU.Build.0 = Release|Any CPU
	EndGlobalSection
	GlobalSection(SolutionProperties) = preSolution
		HideSolutionNode = FALSE
	EndGlobalSection
	GlobalSection(ExtensibilityGlobals) = postSolution
		SolutionGuid = {2B079708-B25A-42DC-8127-8F576B75F6C1}
	EndGlobalSection
EndGlobal
