
Microsoft Visual Studio Solution File, Format Version 12.00
# Visual Studio Version 16
VisualStudioVersion = 16.0.31005.135
MinimumVisualStudioVersion = 10.0.40219.1
Project("{9A19103F-16F7-4668-BE54-9A1E7A4F7556}") = "WarriorLibrary", "WarriorLibrary.csproj", "{365C3856-44B9-44F8-B61D-604FC2ED55CF}"
EndProject
Global
	GlobalSection(SolutionConfigurationPlatforms) = preSolution
		Debug|Any CPU = Debug|Any CPU
		Release|Any CPU = Release|Any CPU
	EndGlobalSection
	GlobalSection(ProjectConfigurationPlatforms) = postSolution
		{365C3856-44B9-44F8-B61D-604FC2ED55CF}.Debug|Any CPU.ActiveCfg = Debug|Any CPU
		{365C3856-44B9-44F8-B61D-604FC2ED55CF}.Debug|Any CPU.Build.0 = Debug|Any CPU
		{365C3856-44B9-44F8-B61D-604FC2ED55CF}.Release|Any CPU.ActiveCfg = Release|Any CPU
		{365C3856-44B9-44F8-B61D-604FC2ED55CF}.Release|Any CPU.Build.0 = Release|Any CPU
	EndGlobalSection
	GlobalSection(SolutionProperties) = preSolution
		HideSolutionNode = FALSE
	EndGlobalSection
	GlobalSection(ExtensibilityGlobals) = postSolution
		SolutionGuid = {70C94848-EC2B-451C-B67D-0D6223532237}
	EndGlobalSection
EndGlobal
