
Microsoft Visual Studio Solution File, Format Version 12.00
# Visual Studio Version 16
VisualStudioVersion = 16.0.31005.135
MinimumVisualStudioVersion = 10.0.40219.1
Project("{FAE04EC0-301F-11D3-BF4B-00C04F79EFBC}") = "ConsoleAppWarriorInClass", "ConsoleAppWarriorInClass\ConsoleAppWarriorInClass.csproj", "{02547F1E-A77C-4BB7-A5F6-EDD6E8811C53}"
EndProject
Project("{FAE04EC0-301F-11D3-BF4B-00C04F79EFBC}") = "UnitTestProjectWarrior", "..\UnitTestProjectWarrior\UnitTestProjectWarrior.csproj", "{DA0E6EA6-6DF6-41EA-9944-681E236A6FD0}"
EndProject
Project("{FAE04EC0-301F-11D3-BF4B-00C04F79EFBC}") = "ClassLibraryWarrior", "..\ClassLibraryWarrior\ClassLibraryWarrior.csproj", "{C2E1D386-0F17-4338-88F3-E4507C4C1A81}"
EndProject
Global
	GlobalSection(SolutionConfigurationPlatforms) = preSolution
		Debug|Any CPU = Debug|Any CPU
		Release|Any CPU = Release|Any CPU
	EndGlobalSection
	GlobalSection(ProjectConfigurationPlatforms) = postSolution
		{02547F1E-A77C-4BB7-A5F6-EDD6E8811C53}.Debug|Any CPU.ActiveCfg = Debug|Any CPU
		{02547F1E-A77C-4BB7-A5F6-EDD6E8811C53}.Debug|Any CPU.Build.0 = Debug|Any CPU
		{02547F1E-A77C-4BB7-A5F6-EDD6E8811C53}.Release|Any CPU.ActiveCfg = Release|Any CPU
		{02547F1E-A77C-4BB7-A5F6-EDD6E8811C53}.Release|Any CPU.Build.0 = Release|Any CPU
		{DA0E6EA6-6DF6-41EA-9944-681E236A6FD0}.Debug|Any CPU.ActiveCfg = Debug|Any CPU
		{DA0E6EA6-6DF6-41EA-9944-681E236A6FD0}.Debug|Any CPU.Build.0 = Debug|Any CPU
		{DA0E6EA6-6DF6-41EA-9944-681E236A6FD0}.Release|Any CPU.ActiveCfg = Release|Any CPU
		{DA0E6EA6-6DF6-41EA-9944-681E236A6FD0}.Release|Any CPU.Build.0 = Release|Any CPU
		{C2E1D386-0F17-4338-88F3-E4507C4C1A81}.Debug|Any CPU.ActiveCfg = Debug|Any CPU
		{C2E1D386-0F17-4338-88F3-E4507C4C1A81}.Debug|Any CPU.Build.0 = Debug|Any CPU
		{C2E1D386-0F17-4338-88F3-E4507C4C1A81}.Release|Any CPU.ActiveCfg = Release|Any CPU
		{C2E1D386-0F17-4338-88F3-E4507C4C1A81}.Release|Any CPU.Build.0 = Release|Any CPU
	EndGlobalSection
	GlobalSection(SolutionProperties) = preSolution
		HideSolutionNode = FALSE
	EndGlobalSection
	GlobalSection(ExtensibilityGlobals) = postSolution
		SolutionGuid = {70C94848-EC2B-451C-B67D-0D6223532237}
	EndGlobalSection
EndGlobal
