
Microsoft Visual Studio Solution File, Format Version 12.00
# Visual Studio Version 16
VisualStudioVersion = 16.0.31005.135
MinimumVisualStudioVersion = 10.0.40219.1
Project("{9A19103F-16F7-4668-BE54-9A1E7A4F7556}") = "WebApplicationDICore", "WebApplicationDICore\WebApplicationDICore.csproj", "{424D6AB7-464E-4052-BBCE-D139BD341B9A}"
EndProject
Project("{9A19103F-16F7-4668-BE54-9A1E7A4F7556}") = "UnitTestProjectDICore", "UnitTestProjectDICore\UnitTestProjectDICore.csproj", "{274436D1-1D77-4D11-A2D6-A0453E8215D5}"
EndProject
Project("{9A19103F-16F7-4668-BE54-9A1E7A4F7556}") = "WarriorLibrary", "WarriorLibrary\WarriorLibrary.csproj", "{8EB2F581-04C7-4107-8635-74E081CF5A22}"
EndProject
Global
	GlobalSection(SolutionConfigurationPlatforms) = preSolution
		Debug|Any CPU = Debug|Any CPU
		Release|Any CPU = Release|Any CPU
	EndGlobalSection
	GlobalSection(ProjectConfigurationPlatforms) = postSolution
		{424D6AB7-464E-4052-BBCE-D139BD341B9A}.Debug|Any CPU.ActiveCfg = Debug|Any CPU
		{424D6AB7-464E-4052-BBCE-D139BD341B9A}.Debug|Any CPU.Build.0 = Debug|Any CPU
		{424D6AB7-464E-4052-BBCE-D139BD341B9A}.Release|Any CPU.ActiveCfg = Release|Any CPU
		{424D6AB7-464E-4052-BBCE-D139BD341B9A}.Release|Any CPU.Build.0 = Release|Any CPU
		{274436D1-1D77-4D11-A2D6-A0453E8215D5}.Debug|Any CPU.ActiveCfg = Debug|Any CPU
		{274436D1-1D77-4D11-A2D6-A0453E8215D5}.Debug|Any CPU.Build.0 = Debug|Any CPU
		{274436D1-1D77-4D11-A2D6-A0453E8215D5}.Release|Any CPU.ActiveCfg = Release|Any CPU
		{274436D1-1D77-4D11-A2D6-A0453E8215D5}.Release|Any CPU.Build.0 = Release|Any CPU
		{8EB2F581-04C7-4107-8635-74E081CF5A22}.Debug|Any CPU.ActiveCfg = Debug|Any CPU
		{8EB2F581-04C7-4107-8635-74E081CF5A22}.Debug|Any CPU.Build.0 = Debug|Any CPU
		{8EB2F581-04C7-4107-8635-74E081CF5A22}.Release|Any CPU.ActiveCfg = Release|Any CPU
		{8EB2F581-04C7-4107-8635-74E081CF5A22}.Release|Any CPU.Build.0 = Release|Any CPU
	EndGlobalSection
	GlobalSection(SolutionProperties) = preSolution
		HideSolutionNode = FALSE
	EndGlobalSection
	GlobalSection(ExtensibilityGlobals) = postSolution
		SolutionGuid = {F8C0A61C-51F3-4AFC-B8FF-6DB1FF40A81F}
	EndGlobalSection
EndGlobal
