
Microsoft Visual Studio Solution File, Format Version 12.00
# Visual Studio Version 16
VisualStudioVersion = 16.0.30717.126
MinimumVisualStudioVersion = 10.0.40219.1
Project("{FAE04EC0-301F-11D3-BF4B-00C04F79EFBC}") = "ConsoleAppEventsDelegates", "ConsoleAppEventsDelegates.csproj", "{5B68C575-F9EE-4CA9-B38E-D7C5DCF0FEF6}"
EndProject
Project("{FAE04EC0-301F-11D3-BF4B-00C04F79EFBC}") = "UnitTestProjectDogEvent", "..\UnitTestProjectDogEvent\UnitTestProjectDogEvent.csproj", "{5D4783D1-FC9F-4679-9299-FE1B1A81D64B}"
EndProject
Project("{9A19103F-16F7-4668-BE54-9A1E7A4F7556}") = "DogLibraryDotNet", "..\DogLibraryDotNet\DogLibraryDotNet\DogLibraryDotNet.csproj", "{A68F668E-1309-49D3-82E1-0F31D7276E47}"
EndProject
Global
	GlobalSection(SolutionConfigurationPlatforms) = preSolution
		Debug|Any CPU = Debug|Any CPU
		Release|Any CPU = Release|Any CPU
	EndGlobalSection
	GlobalSection(ProjectConfigurationPlatforms) = postSolution
		{5B68C575-F9EE-4CA9-B38E-D7C5DCF0FEF6}.Debug|Any CPU.ActiveCfg = Debug|Any CPU
		{5B68C575-F9EE-4CA9-B38E-D7C5DCF0FEF6}.Debug|Any CPU.Build.0 = Debug|Any CPU
		{5B68C575-F9EE-4CA9-B38E-D7C5DCF0FEF6}.Release|Any CPU.ActiveCfg = Release|Any CPU
		{5B68C575-F9EE-4CA9-B38E-D7C5DCF0FEF6}.Release|Any CPU.Build.0 = Release|Any CPU
		{5D4783D1-FC9F-4679-9299-FE1B1A81D64B}.Debug|Any CPU.ActiveCfg = Debug|Any CPU
		{5D4783D1-FC9F-4679-9299-FE1B1A81D64B}.Debug|Any CPU.Build.0 = Debug|Any CPU
		{5D4783D1-FC9F-4679-9299-FE1B1A81D64B}.Release|Any CPU.ActiveCfg = Release|Any CPU
		{5D4783D1-FC9F-4679-9299-FE1B1A81D64B}.Release|Any CPU.Build.0 = Release|Any CPU
		{A68F668E-1309-49D3-82E1-0F31D7276E47}.Debug|Any CPU.ActiveCfg = Debug|Any CPU
		{A68F668E-1309-49D3-82E1-0F31D7276E47}.Debug|Any CPU.Build.0 = Debug|Any CPU
		{A68F668E-1309-49D3-82E1-0F31D7276E47}.Release|Any CPU.ActiveCfg = Release|Any CPU
		{A68F668E-1309-49D3-82E1-0F31D7276E47}.Release|Any CPU.Build.0 = Release|Any CPU
	EndGlobalSection
	GlobalSection(SolutionProperties) = preSolution
		HideSolutionNode = FALSE
	EndGlobalSection
	GlobalSection(ExtensibilityGlobals) = postSolution
		SolutionGuid = {A3BC304A-014E-4892-A6FB-E6D119A4BA6A}
	EndGlobalSection
EndGlobal
