
Microsoft Visual Studio Solution File, Format Version 12.00
# Visual Studio 15
VisualStudioVersion = 15.0.26430.6
MinimumVisualStudioVersion = 10.0.40219.1
Project("{FAE04EC0-301F-11D3-BF4B-00C04F79EFBC}") = "ConsoleAppDogTest", "ConsoleAppDogTest\ConsoleAppDogTest.csproj", "{5E4911E3-E8BA-4D56-B8E6-8101A55B17D9}"
	ProjectSection(ProjectDependencies) = postProject
		{94793146-DB2A-4602-A133-93FD5A18F2D3} = {94793146-DB2A-4602-A133-93FD5A18F2D3}
	EndProjectSection
EndProject
Project("{FAE04EC0-301F-11D3-BF4B-00C04F79EFBC}") = "UnitTestProjectDogTest", "UnitTestProjectDogTest\UnitTestProjectDogTest.csproj", "{B8A05A46-C2FE-4136-978C-1725B5864CAE}"
EndProject
Project("{FAE04EC0-301F-11D3-BF4B-00C04F79EFBC}") = "DogLibrary", "DogLibrary\DogLibrary.csproj", "{94793146-DB2A-4602-A133-93FD5A18F2D3}"
EndProject
Global
	GlobalSection(SolutionConfigurationPlatforms) = preSolution
		Debug|Any CPU = Debug|Any CPU
		Release|Any CPU = Release|Any CPU
	EndGlobalSection
	GlobalSection(ProjectConfigurationPlatforms) = postSolution
		{5E4911E3-E8BA-4D56-B8E6-8101A55B17D9}.Debug|Any CPU.ActiveCfg = Debug|Any CPU
		{5E4911E3-E8BA-4D56-B8E6-8101A55B17D9}.Debug|Any CPU.Build.0 = Debug|Any CPU
		{5E4911E3-E8BA-4D56-B8E6-8101A55B17D9}.Release|Any CPU.ActiveCfg = Release|Any CPU
		{5E4911E3-E8BA-4D56-B8E6-8101A55B17D9}.Release|Any CPU.Build.0 = Release|Any CPU
		{B8A05A46-C2FE-4136-978C-1725B5864CAE}.Debug|Any CPU.ActiveCfg = Debug|Any CPU
		{B8A05A46-C2FE-4136-978C-1725B5864CAE}.Debug|Any CPU.Build.0 = Debug|Any CPU
		{B8A05A46-C2FE-4136-978C-1725B5864CAE}.Release|Any CPU.ActiveCfg = Release|Any CPU
		{B8A05A46-C2FE-4136-978C-1725B5864CAE}.Release|Any CPU.Build.0 = Release|Any CPU
		{94793146-DB2A-4602-A133-93FD5A18F2D3}.Debug|Any CPU.ActiveCfg = Debug|Any CPU
		{94793146-DB2A-4602-A133-93FD5A18F2D3}.Debug|Any CPU.Build.0 = Debug|Any CPU
		{94793146-DB2A-4602-A133-93FD5A18F2D3}.Release|Any CPU.ActiveCfg = Release|Any CPU
		{94793146-DB2A-4602-A133-93FD5A18F2D3}.Release|Any CPU.Build.0 = Release|Any CPU
	EndGlobalSection
	GlobalSection(SolutionProperties) = preSolution
		HideSolutionNode = FALSE
	EndGlobalSection
EndGlobal
