
Microsoft Visual Studio Solution File, Format Version 12.00
# Visual Studio 15
VisualStudioVersion = 15.0.28307.168
MinimumVisualStudioVersion = 10.0.40219.1
Project("{FAE04EC0-301F-11D3-BF4B-00C04F79EFBC}") = "ConsoleAppDogTestSimple", "ConsoleAppDogTestSimple\ConsoleAppDogTestSimple.csproj", "{C73967ED-F007-4652-9583-F90BC1EF5D0A}"
EndProject
Project("{FAE04EC0-301F-11D3-BF4B-00C04F79EFBC}") = "UnitTestProjectDogSimple", "UnitTestProjectDogSimple\UnitTestProjectDogSimple.csproj", "{F21BC23D-E86E-45FA-90BA-7CAC122509EB}"
EndProject
Global
	GlobalSection(SolutionConfigurationPlatforms) = preSolution
		Debug|Any CPU = Debug|Any CPU
		Release|Any CPU = Release|Any CPU
	EndGlobalSection
	GlobalSection(ProjectConfigurationPlatforms) = postSolution
		{C73967ED-F007-4652-9583-F90BC1EF5D0A}.Debug|Any CPU.ActiveCfg = Debug|Any CPU
		{C73967ED-F007-4652-9583-F90BC1EF5D0A}.Debug|Any CPU.Build.0 = Debug|Any CPU
		{C73967ED-F007-4652-9583-F90BC1EF5D0A}.Release|Any CPU.ActiveCfg = Release|Any CPU
		{C73967ED-F007-4652-9583-F90BC1EF5D0A}.Release|Any CPU.Build.0 = Release|Any CPU
		{F21BC23D-E86E-45FA-90BA-7CAC122509EB}.Debug|Any CPU.ActiveCfg = Debug|Any CPU
		{F21BC23D-E86E-45FA-90BA-7CAC122509EB}.Debug|Any CPU.Build.0 = Debug|Any CPU
		{F21BC23D-E86E-45FA-90BA-7CAC122509EB}.Release|Any CPU.ActiveCfg = Release|Any CPU
		{F21BC23D-E86E-45FA-90BA-7CAC122509EB}.Release|Any CPU.Build.0 = Release|Any CPU
	EndGlobalSection
	GlobalSection(SolutionProperties) = preSolution
		HideSolutionNode = FALSE
	EndGlobalSection
	GlobalSection(ExtensibilityGlobals) = postSolution
		SolutionGuid = {4B696139-9E5A-4268-9459-7129F2067C52}
	EndGlobalSection
EndGlobal
