
Microsoft Visual Studio Solution File, Format Version 12.00
# Visual Studio Version 17
VisualStudioVersion = 17.3.32819.101
MinimumVisualStudioVersion = 10.0.40219.1
Project("{FAE04EC0-301F-11D3-BF4B-00C04F79EFBC}") = "RectSquareConsole", "RectSquareConsole\RectSquareConsole.csproj", "{35E1AC73-C6C5-42F0-A666-8A621C9057E4}"
EndProject
Global
	GlobalSection(SolutionConfigurationPlatforms) = preSolution
		Debug|Any CPU = Debug|Any CPU
		Release|Any CPU = Release|Any CPU
	EndGlobalSection
	GlobalSection(ProjectConfigurationPlatforms) = postSolution
		{35E1AC73-C6C5-42F0-A666-8A621C9057E4}.Debug|Any CPU.ActiveCfg = Debug|Any CPU
		{35E1AC73-C6C5-42F0-A666-8A621C9057E4}.Debug|Any CPU.Build.0 = Debug|Any CPU
		{35E1AC73-C6C5-42F0-A666-8A621C9057E4}.Release|Any CPU.ActiveCfg = Release|Any CPU
		{35E1AC73-C6C5-42F0-A666-8A621C9057E4}.Release|Any CPU.Build.0 = Release|Any CPU
	EndGlobalSection
	GlobalSection(SolutionProperties) = preSolution
		HideSolutionNode = FALSE
	EndGlobalSection
	GlobalSection(ExtensibilityGlobals) = postSolution
		SolutionGuid = {9237B4D1-1823-4F1C-A84E-E7C8A165D36F}
	EndGlobalSection
EndGlobal
