
Microsoft Visual Studio Solution File, Format Version 12.00
# Visual Studio Version 16
VisualStudioVersion = 16.0.31005.135
MinimumVisualStudioVersion = 10.0.40219.1
Project("{9A19103F-16F7-4668-BE54-9A1E7A4F7556}") = "DogLibraryCore", "DogLibraryCore\DogLibraryCore.csproj", "{353DBC2E-B6FA-4A1B-B1D5-1E8FBD6D9E05}"
EndProject
Project("{FAE04EC0-301F-11D3-BF4B-00C04F79EFBC}") = "UnitTestProjectDogMoq", "UnitTestProjectDogMoq\UnitTestProjectDogMoq.csproj", "{FC022E99-5D5E-438C-BCCC-2533B2342B6C}"
EndProject
Global
	GlobalSection(SolutionConfigurationPlatforms) = preSolution
		Debug|Any CPU = Debug|Any CPU
		Release|Any CPU = Release|Any CPU
	EndGlobalSection
	GlobalSection(ProjectConfigurationPlatforms) = postSolution
		{353DBC2E-B6FA-4A1B-B1D5-1E8FBD6D9E05}.Debug|Any CPU.ActiveCfg = Debug|Any CPU
		{353DBC2E-B6FA-4A1B-B1D5-1E8FBD6D9E05}.Debug|Any CPU.Build.0 = Debug|Any CPU
		{353DBC2E-B6FA-4A1B-B1D5-1E8FBD6D9E05}.Release|Any CPU.ActiveCfg = Release|Any CPU
		{353DBC2E-B6FA-4A1B-B1D5-1E8FBD6D9E05}.Release|Any CPU.Build.0 = Release|Any CPU
		{FC022E99-5D5E-438C-BCCC-2533B2342B6C}.Debug|Any CPU.ActiveCfg = Debug|Any CPU
		{FC022E99-5D5E-438C-BCCC-2533B2342B6C}.Debug|Any CPU.Build.0 = Debug|Any CPU
		{FC022E99-5D5E-438C-BCCC-2533B2342B6C}.Release|Any CPU.ActiveCfg = Release|Any CPU
		{FC022E99-5D5E-438C-BCCC-2533B2342B6C}.Release|Any CPU.Build.0 = Release|Any CPU
	EndGlobalSection
	GlobalSection(SolutionProperties) = preSolution
		HideSolutionNode = FALSE
	EndGlobalSection
	GlobalSection(ExtensibilityGlobals) = postSolution
		SolutionGuid = {9DAFC4BC-5B75-4CDA-BB2F-2F764F4BBD25}
	EndGlobalSection
EndGlobal
