
Microsoft Visual Studio Solution File, Format Version 12.00
# Visual Studio Version 17
VisualStudioVersion = 17.3.32819.101
MinimumVisualStudioVersion = 10.0.40219.1
Project("{FAE04EC0-301F-11D3-BF4B-00C04F79EFBC}") = "ConsoleAppDogEvents", "ConsoleAppDogEvents\ConsoleAppDogEvents.csproj", "{E7893637-0C28-48A1-B123-70C93BE0457D}"
EndProject
Global
	GlobalSection(SolutionConfigurationPlatforms) = preSolution
		Debug|Any CPU = Debug|Any CPU
		Release|Any CPU = Release|Any CPU
	EndGlobalSection
	GlobalSection(ProjectConfigurationPlatforms) = postSolution
		{E7893637-0C28-48A1-B123-70C93BE0457D}.Debug|Any CPU.ActiveCfg = Debug|Any CPU
		{E7893637-0C28-48A1-B123-70C93BE0457D}.Debug|Any CPU.Build.0 = Debug|Any CPU
		{E7893637-0C28-48A1-B123-70C93BE0457D}.Release|Any CPU.ActiveCfg = Release|Any CPU
		{E7893637-0C28-48A1-B123-70C93BE0457D}.Release|Any CPU.Build.0 = Release|Any CPU
	EndGlobalSection
	GlobalSection(SolutionProperties) = preSolution
		HideSolutionNode = FALSE
	EndGlobalSection
	GlobalSection(ExtensibilityGlobals) = postSolution
		SolutionGuid = {AF2840C8-CCEE-4D1A-9D52-687B2056E3BD}
	EndGlobalSection
EndGlobal
