
Microsoft Visual Studio Solution File, Format Version 12.00
# Visual Studio Version 16
VisualStudioVersion = 16.0.31727.386
MinimumVisualStudioVersion = 10.0.40219.1
Project("{9A19103F-16F7-4668-BE54-9A1E7A4F7556}") = "WpfAppDogWRepo", "WpfAppDogWRepo\WpfAppDogWRepo.csproj", "{58CCD3CD-1768-4687-A95C-3F3201E89AAE}"
EndProject
Project("{9A19103F-16F7-4668-BE54-9A1E7A4F7556}") = "DogLibraryCore", "..\DogLibraryCore\DogLibraryCore\DogLibraryCore.csproj", "{C54F159F-32D3-4E2A-B9C0-D3C3A615E5EC}"
EndProject
Global
	GlobalSection(SolutionConfigurationPlatforms) = preSolution
		Debug|Any CPU = Debug|Any CPU
		Release|Any CPU = Release|Any CPU
	EndGlobalSection
	GlobalSection(ProjectConfigurationPlatforms) = postSolution
		{58CCD3CD-1768-4687-A95C-3F3201E89AAE}.Debug|Any CPU.ActiveCfg = Debug|Any CPU
		{58CCD3CD-1768-4687-A95C-3F3201E89AAE}.Debug|Any CPU.Build.0 = Debug|Any CPU
		{58CCD3CD-1768-4687-A95C-3F3201E89AAE}.Release|Any CPU.ActiveCfg = Release|Any CPU
		{58CCD3CD-1768-4687-A95C-3F3201E89AAE}.Release|Any CPU.Build.0 = Release|Any CPU
		{C54F159F-32D3-4E2A-B9C0-D3C3A615E5EC}.Debug|Any CPU.ActiveCfg = Debug|Any CPU
		{C54F159F-32D3-4E2A-B9C0-D3C3A615E5EC}.Debug|Any CPU.Build.0 = Debug|Any CPU
		{C54F159F-32D3-4E2A-B9C0-D3C3A615E5EC}.Release|Any CPU.ActiveCfg = Release|Any CPU
		{C54F159F-32D3-4E2A-B9C0-D3C3A615E5EC}.Release|Any CPU.Build.0 = Release|Any CPU
	EndGlobalSection
	GlobalSection(SolutionProperties) = preSolution
		HideSolutionNode = FALSE
	EndGlobalSection
	GlobalSection(ExtensibilityGlobals) = postSolution
		SolutionGuid = {5D85A0BF-081D-4E35-A022-4B1A5174943A}
	EndGlobalSection
EndGlobal
